version = 1
revision = 3
requires-python = ">=3.13"

[[package]]
name = "polars"
version = "1.44.2"
source = { registry = "https://pypi.org/simple" }
dependencies = [
    { name = "polars-runtime-32" },
]
sdist = { url = "https://files.pythonhosted.org/packages/a4/15/e8541eefc22fbc7ca89bcb5112298a153729f73cfbc0cf6a668e509f975c/polars-1.44.2.tar.gz", hash = "sha256:86c8e26b6c2de8c8d344bb910b74dfc47b118ac3fe0f19b44909467990a0b281", size = 766272, upload-time = "2026-09-09T07:42:08.859Z" }
wheels = [
    { url = "https://files.pythonhosted.org/packages/51/6d/3014112c7f717d1253223faa13b6db3ac3a64ed00ab2a3bc1b942bc9cdd4/polars-1.44.2-py3-none-any.whl", hash = "sha256:1bb331f17a40d9d931101533dcd33637b66edc61eb377b07020dac16a0f0377b", size = 865768, upload-time = "2026-09-09T07:40:12.053Z" },
]

[[package]]
name = "polars-runtime-32"
version = "1.44.2"
source = { registry = "https://pypi.org/simple" }
sdist = { url = "https://files.pythonhosted.org/packages/d4/a1/a7eace6587b56f22cf2a21ab4d5e695db372dc23fd96accb68b1ec12660b/polars_runtime_32-1.44.2.tar.gz", hash = "sha256:b84842f7d621aaca7a52e165e19a24f89db45f8aa13744941430218419a14a67", size = 3172205, upload-time = "2026-09-09T07:42:10.851Z" }
wheels = [
    { url = "https://files.pythonhosted.org/packages/99/5b/a5215f82c3dd443dc5d6911b0d3e937f97056e0ef7753f7e123422481a18/polars_runtime_32-1.44.2-cp310-abi3-macosx_10_12_x86_64.whl", hash = "sha256:1fd536720668ba203a16a20b08cd6b23057e407a0279cf36b2f35f879d6e3208", size = 48334014, upload-time = "2026-09-09T07:40:16.43Z" },
    { url = "https://files.pythonhosted.org/packages/c2/e0/f3dc93fce4b4e99370db6a89001a1b8d3c606e3560d0d91dda809d6c6324/polars_runtime_32-1.44.2-cp310-abi3-macosx_11_0_arm64.whl", hash = "sha256:e0fd43720c8222ae39919c8ff891636d53b352706087120e62f83544dd3ff782", size = 43331099, upload-time = "2026-09-09T07:40:21.029Z" },
    { url = "https://files.pythonhosted.org/packages/4e/4f/076626ce93ddd622203c4b27be2a96d034cf5b24110c52e96e6029f0ea33/polars_runtime_32-1.44.2-cp310-abi3-manylinux_2_17_aarch64.manylinux2014_aarch64.whl", hash = "sha256:bbf9b45040291dc1c6c588c837019c33557bde25ec536562a9cca9e1f6dfcc45", size = 46590853, upload-time = "2026-09-09T07:40:24.934Z" },
    { url = "https://files.pythonhosted.org/packages/e9/24/ed9982657c446dd5491b089370eea196725673570cfc61f7225a9fdd7ef0/polars_runtime_32-1.44.2-cp310-abi3-manylinux_2_17_x86_64.manylinux2014_x86_64.whl", hash = "sha256:a1bafb441e99199a62c63bf1bbdc0ea09ee9776dbac2bf31452b5000fb1df2f7", size = 49912258, upload-time = "2026-09-09T07:40:29.238Z" },
    { url = "https://files.pythonhosted.org/packages/71/42/5490ab360aa2406119825ad82203a5e2ff27a3a5893ca8e0b93c053a59a3/polars_runtime_32-1.44.2-cp310-abi3-musllinux_1_2_aarch64.whl", hash = "sha256:10c0c695a418407617b5159db7d9a21074a733e4c6d61275b6762f25cb31ca99", size = 46737310, upload-time = "2026-09-09T07:40:33.143Z" },
    { url = "https://files.pythonhosted.org/packages/06/8f/d741afb1dcd1848161189e017d27972e7e78556d8dce66b94d4235093706/polars_runtime_32-1.44.2-cp310-abi3-musllinux_1_2_x86_64.whl", hash = "sha256:c4a09fb14aad711526346efc0cb2015c2fd0555ce4118b6524e5debbaea65ff5", size = 49887654, upload-time = "2026-09-09T07:40:37.455Z" },
    { url = "https://files.pythonhosted.org/packages/ba/e7/c61c1c7eea37705920fe7c1302d1dd80d1165db2b928f0da3eae6d1ebb75/polars_runtime_32-1.44.2-cp310-abi3-win_amd64.whl", hash = "sha256:8598e7a20efba70bb74978c7df7af7c606ff4d79b9b48fdd808250b189bc9a13", size = 51297967, upload-time = "2026-09-09T07:40:41.993Z" },
    { url = "https://files.pythonhosted.org/packages/e7/a0/d0dd0d2ec95fa328dd47055905fae53ba3cd79f11c8973326ebe75a49e4c/polars_runtime_32-1.44.2-cp310-abi3-win_arm64.whl", hash = "sha256:d51040d3ab40157f6db3c62be59cab5b80fb3c8d158924769c4982a1c8eef730", size = 44303345, upload-time = "2026-09-09T07:40:47.081Z" },
]

[[package]]
name = "python-calamine"
version = "0.8.2"
source = { registry = "https://pypi.org/simple" }
sdist = { url = "https://files.pythonhosted.org/packages/10/36/473a55063a6af3739cdf4b879869d3067e677f3dfb52ec8fadac23941a33/python_calamine-0.8.2.tar.gz", hash = "sha256:b2000c085722afd01d973af3d58325d26cfd798b3665bb0924e3a658351ebfad", size = 227187, upload-time = "2026-07-13T13:58:26.909Z" }
wheels = [
    { url = "https://files.pythonhosted.org/packages/0a/31/134e7b2ecdde486ec4e5fae763f84973fac6a097971aeb9648c0031ee365/python_calamine-0.8.2-cp313-cp313-macosx_10_12_x86_64.whl", hash = "sha256:923825ea049f7a16bfa0333e237909dfd109c7a44ad156c6d83921a768382020", size = 863158, upload-time = "2026-07-13T13:56:55.91Z" },
    { url = "https://files.pythonhosted.org/packages/a2/aa/36ec3c85c50b08c8f4df4adfb762a6978ef0da08264d5813ff3b55518137/python_calamine-0.8.2-cp313-cp313-macosx_11_0_arm64.whl", hash = "sha256:ed9a48c892aed565e6250a9a38222806db49334868e174b30e6670caa4231c4a", size = 845854, upload-time = "2026-07-13T13:56:57.584Z" },
    { url = "https://files.pythonhosted.org/packages/7b/61/4ef12d9c4d3774410eec3a1b377542523ee18b606b91b0281f8db5ac8819/python_calamine-0.8.2-cp313-cp313-manylinux_2_17_aarch64.manylinux2014_aarch64.whl", hash = "sha256:f28ebfaa0ca306ec25df2cf6d5cef4838769ebd5536edd1eb0aa9a77935189fa", size = 923463, upload-time = "2026-07-13T13:56:59.411Z" },
    { url = "https://files.pythonhosted.org/packages/df/a1/41db6b31011ac5c4ad3c05f4f8078a7d24d81f4288c756829cbdc941cbcc/python_calamine-0.8.2-cp313-cp313-manylinux_2_17_armv7l.manylinux2014_armv7l.whl", hash = "sha256:d0a229632dde778a03d3c1ff159da4762e04d8b5e69be94edbf005da152de944", size = 916869, upload-time = "2026-07-13T13:57:01.063Z" },
    { url = "https://files.pythonhosted.org/packages/72/70/b582691901b90b52884b8f525d4be7e27e423040b17ec4f50d0f8ac8f4e5/python_calamine-0.8.2-cp313-cp313-manylinux_2_17_ppc64le.manylinux2014_ppc64le.whl", hash = "sha256:b67798d130fe8c89891c3e75f9334e0e18c2c8e6527d276954c31c9dc426d39b", size = 1086769, upload-time = "2026-07-13T13:57:02.761Z" },
    { url = "https://files.pythonhosted.org/packages/1c/5c/a05493fdcbf8aede4362150edd0dfde4e87db53c23f1668cc6aa4d4b40a3/python_calamine-0.8.2-cp313-cp313-manylinux_2_17_s390x.manylinux2014_s390x.whl", hash = "sha256:57eebc266e7c40d337112a9cfc82f9c9d7587121fa4e86673da1e97f8855039c", size = 986561, upload-time = "2026-07-13T13:57:04.346Z" },
    { url = "https://files.pythonhosted.org/packages/db/c6/8c12291275f63d314723d1480be017f0c32d5fd4dea76b66205ebd05dee2/python_calamine-0.8.2-cp313-cp313-manylinux_2_17_x86_64.manylinux2014_x86_64.whl", hash = "sha256:efe476889191a80b05a514b37f89a7d364e1ad19783918e93b0a053e2e2e9f08", size = 919538, upload-time = "2026-07-13T13:57:06.049Z" },
    { url = "https://files.pythonhosted.org/packages/cb/5d/dc12ce14a748b180cfa22d6a9e5dc372808050466666ab9776623f437c61/python_calamine-0.8.2-cp313-cp313-manylinux_2_5_i686.manylinux1_i686.whl", hash = "sha256:220b1a2962f5394edc0f5918d91e4dd3e9f3c6c521d0f2a4ccaf3d3ace980a28", size = 995727, upload-time = "2026-07-13T13:57:08.315Z" },
    { url = "https://files.pythonhosted.org/packages/ab/da/72986560b082a005d88e5b74cc89686fa8f767a5173436b9dd3d0f43a33a/python_calamine-0.8.2-cp313-cp313-musllinux_1_1_aarch64.whl", hash = "sha256:02d52d6d7792f82d97f1b8e15001fc08f9ab75a57a62fd849313c0a6b64d38af", size = 1098601, upload-time = "2026-07-13T13:57:10.071Z" },
    { url = "https://files.pythonhosted.org/packages/00/9e/e5ca987e17e043079a391a1fff7c13f2b5ed6908a25b54baac2e41d2db84/python_calamine-0.8.2-cp313-cp313-musllinux_1_1_armv7l.whl", hash = "sha256:c55112b2b0f65f7e6757629e89d0b063689d8fa821736d9b81a1468db08d0085", size = 1191819, upload-time = "2026-07-13T13:57:11.758Z" },
    { url = "https://files.pythonhosted.org/packages/78/23/4cc7cc53d342ad7b74e3780aefd60a6af0e132f3e5d964a1847ccfe32ea5/python_calamine-0.8.2-cp313-cp313-musllinux_1_1_x86_64.whl", hash = "sha256:2e8f0753f1ec064704e256a2d5793f42f0cb256710501cf060f5f3a47e5dabc8", size = 1135376, upload-time = "2026-07-13T13:57:13.391Z" },
    { url = "https://files.pythonhosted.org/packages/cc/8e/1a9649ffba117731b44ea57cd6c0b7925cc5a04b9d6f7858031cd9987f01/python_calamine-0.8.2-cp313-cp313-win32.whl", hash = "sha256:f276aa353f5be38e15968f861f7102abf53d1fe261638846e7e9c9913a124d7c", size = 733696, upload-time = "2026-07-13T13:57:15.028Z" },
    { url = "https://files.pythonhosted.org/packages/cf/d0/55b921a2459e4b1cba914a2ed94d5ad0d711c2015e33ab201038f4b1627e/python_calamine-0.8.2-cp313-cp313-win_amd64.whl", hash = "sha256:62b7e41046056bfba7d2957a8a1566fc22a010a2929f0c8174c7a911555d0cf9", size = 774314, upload-time = "2026-07-13T13:57:16.753Z" },
    { url = "https://files.pythonhosted.org/packages/1f/ea/11d2d984d71673c6070a23d9a5fdd9bf174f83eb7e7c8909e27a4f9af740/python_calamine-0.8.2-cp313-cp313-win_arm64.whl", hash = "sha256:024a367c90a61c02743f674025bcdd686a1cbe6466bb8fc67398ef5fbbfac4a2", size = 731178, upload-time = "2026-07-13T13:57:18.459Z" },
    { url = "https://files.pythonhosted.org/packages/c8/51/982cd7edc5e8886090adcc3b436e87a8ff8932a748269fba30ac6151551f/python_calamine-0.8.2-cp314-cp314-macosx_10_12_x86_64.whl", hash = "sha256:612904f321fa1c399f03efab0f4a557914d7b8a155d25f244cb816a051eec82e", size = 866292, upload-time = "2026-07-13T13:57:20.229Z" },
    { url = "https://files.pythonhosted.org/packages/f2/30/816181f86ec744c142e8efc6fdac49ab61221a1387fbd13798424a72995b/python_calamine-0.8.2-cp314-cp314-macosx_11_0_arm64.whl", hash = "sha256:5dd0d8934c5b65392b7fe6f149c5b2eec0ce422ec50f35a389b579f53a3ad94c", size = 847675, upload-time = "2026-07-13T13:57:22.034Z" },
    { url = "https://files.pythonhosted.org/packages/ef/be/2c82689a076e438fa310fa8119e5e1d1166e2419a122f6137808a1a70a64/python_calamine-0.8.2-cp314-cp314-manylinux_2_17_aarch64.manylinux2014_aarch64.whl", hash = "sha256:ccd41bed56ae3a7ff0de6f71860cd13edcf3ebc42eefb58eab201b5cc6ec7660", size = 923867, upload-time = "2026-07-13T13:57:23.739Z" },
    { url = "https://files.pythonhosted.org/packages/d8/3d/8e5da593780efb767f0d0fcaccec9f4bcc6f9beba9281969b2c51fee05f8/python_calamine-0.8.2-cp314-cp314-manylinux_2_17_armv7l.manylinux2014_armv7l.whl", hash = "sha256:19c8d87444fe83ca0cebd95e01cb7166f1844455120319de4ef8581e03f63b22", size = 917529, upload-time = "2026-07-13T13:57:25.83Z" },
    { url = "https://files.pythonhosted.org/packages/f7/2f/56334bdb7c1bbdb2474ff927afeff72ebb558a301e2dfbb1691e6969e0e1/python_calamine-0.8.2-cp314-cp314-manylinux_2_17_ppc64le.manylinux2014_ppc64le.whl", hash = "sha256:5be7dca31f391cc2bc3d86a9e1ef88d51240565e9849b23642b3b95bd7ce29ad", size = 1089145, upload-time = "2026-07-13T13:57:27.658Z" },
    { url = "https://files.pythonhosted.org/packages/2d/99/908da083c1faa6ee215be079238f7d25022eaa577dd9fa3e88814f39dfec/python_calamine-0.8.2-cp314-cp314-manylinux_2_17_s390x.manylinux2014_s390x.whl", hash = "sha256:40f1c657eaa988a50638fc584226391e6897ba676ec3e35aaed0db7d8b02e3ed", size = 987785, upload-time = "2026-07-13T13:57:29.57Z" },
    { url = "https://files.pythonhosted.org/packages/52/90/f7a71c8991911a431ed31f83cd9f3a49bf0e0e3395a27d3a47f60dd55826/python_calamine-0.8.2-cp314-cp314-manylinux_2_17_x86_64.manylinux2014_x86_64.whl", hash = "sha256:9d3cfce465ce82eb9100e5e90673a5844fd46eb7b8148c5404c70f941fd8280b", size = 921563, upload-time = "2026-07-13T13:57:31.268Z" },
    { url = "https://files.pythonhosted.org/packages/b8/2e/768d8686fa4d87d6bcdee21959845d767e4913066e562cddd048516f9edd/python_calamine-0.8.2-cp314-cp314-manylinux_2_5_i686.manylinux1_i686.whl", hash = "sha256:3655c08901562d7c44853ba966a62104637f216a67aa5ba5628115067811b3f2", size = 998078, upload-time = "2026-07-13T13:57:33.483Z" },
    { url = "https://files.pythonhosted.org/packages/ea/b3/12273f5ea9df335eeb896e8f8d54dfd888b52d57f03d0e6163c86be28ac1/python_calamine-0.8.2-cp314-cp314-musllinux_1_1_aarch64.whl", hash = "sha256:c72d5310e28a517cbb14812cd60a41c264d65b2424e6413c08f5f7160eebafd4", size = 1099253, upload-time = "2026-07-13T13:57:35.404Z" },
    { url = "https://files.pythonhosted.org/packages/02/64/3f222cc693eb6bbae0cf1bfa3c45300d6024cb515a8380779ca46ea096db/python_calamine-0.8.2-cp314-cp314-musllinux_1_1_armv7l.whl", hash = "sha256:2e88eef40b2f39aa9c32cf6d2d7e6bf0c8669547f8a196883bae6d202458b358", size = 1193093, upload-time = "2026-07-13T13:57:37.147Z" },
    { url = "https://files.pythonhosted.org/packages/56/a0/91d06d24caa01cbb7d020155a0ba565d5acb15b873705c72c69dc36351fc/python_calamine-0.8.2-cp314-cp314-musllinux_1_1_x86_64.whl", hash = "sha256:8e9b57dc1553bf86e2793d86e0b9268855f5382391f01be78c9c06aa30bad3a7", size = 1138084, upload-time = "2026-07-13T13:57:39.059Z" },
    { url = "https://files.pythonhosted.org/packages/ce/ba/279277863792e26982c6a9c9b9700c36b4319e7ad3424fc4e8164b6db5a7/python_calamine-0.8.2-cp314-cp314-pyemscripten_2026_0_wasm32.whl", hash = "sha256:74f5038df6c40316e7f1d20c7d478baf6a6bd227e91f17aae2723014156a895f", size = 515427, upload-time = "2026-07-13T13:57:40.66Z" },
    { url = "https://files.pythonhosted.org/packages/5d/39/29677d6a4b5bffc78b35bb6a30e904ec0af71dc0bfc105a342150fdce70c/python_calamine-0.8.2-cp314-cp314-win32.whl", hash = "sha256:853e6789c781184998bc13c9a1affde29ef76d07112e339e379c45f4ffe0d911", size = 722761, upload-time = "2026-07-13T13:57:42.399Z" },
    { url = "https://files.pythonhosted.org/packages/c7/71/bd69ce8cc651d1db6a6c2051c1d34fa22fc6ea6bbfb3cbf1feb49fb2b25a/python_calamine-0.8.2-cp314-cp314-win_amd64.whl", hash = "sha256:408c60e8c5671c87dec3fda2268475bafcd05dfc7684c72ad15adb050ae5dc45", size = 776909, upload-time = "2026-07-13T13:57:44.451Z" },
    { url = "https://files.pythonhosted.org/packages/97/00/1da6c1d4a9a83be80273e2136b10a665da53012a86388895e9554d65a7e5/python_calamine-0.8.2-cp314-cp314-win_arm64.whl", hash = "sha256:16630004b39bf4a0dcce09653fd28390781a2db07e9d8bcb0f85d8e5d1814707", size = 746538, upload-time = "2026-07-13T13:57:46.195Z" },
    { url = "https://files.pythonhosted.org/packages/33/ce/a089dee93f684398101a807177cc9fd5c0f04ea98dbf1c6b12d761a3e0b1/python_calamine-0.8.2-cp314-cp314t-macosx_10_12_x86_64.whl", hash = "sha256:1d1db66f7043d13fd6f6c5d77c7b34598864ad14e613d02cc538ec3e9b46d296", size = 861568, upload-time = "2026-07-13T13:57:48.146Z" },
    { url = "https://files.pythonhosted.org/packages/64/ab/6f5a02a28d06070bcaefaa60f980097ea10ce1302912822e9cad976afc83/python_calamine-0.8.2-cp314-cp314t-macosx_11_0_arm64.whl", hash = "sha256:3478b5f950e9722d284271b3cf7a7e83c43a0f93cb665474f8a158e12699a52e", size = 844446, upload-time = "2026-07-13T13:57:49.849Z" },
    { url = "https://files.pythonhosted.org/packages/6b/9b/01bccf504edeb5419c4a138302004c7a3b14db537554f0da8b4b217c94d1/python_calamine-0.8.2-cp314-cp314t-manylinux_2_17_aarch64.manylinux2014_aarch64.whl", hash = "sha256:8c307f6e5f5c55a58a3a64b96dd3a7ca437570efea8e1b8515108b1cfd9adf46", size = 920817, upload-time = "2026-07-13T13:57:51.816Z" },
    { url = "https://files.pythonhosted.org/packages/d5/65/c555639d38376908a2258ad7c06e8f12ffb774343531dddd5acce1a7be9f/python_calamine-0.8.2-cp314-cp314t-manylinux_2_17_armv7l.manylinux2014_armv7l.whl", hash = "sha256:7dc9d63b44b0681a3ff4be1810bf63042d3492bba3e4dbf0273318170fb82e59", size = 915360, upload-time = "2026-07-13T13:57:53.576Z" },
    { url = "https://files.pythonhosted.org/packages/aa/a2/ba37bc638ecf4dbf651cb0e9db4fac495881739434c7eb106653bc686f8f/python_calamine-0.8.2-cp314-cp314t-manylinux_2_17_ppc64le.manylinux2014_ppc64le.whl", hash = "sha256:dd903b60575bf8ec45c5797a64d1960e46cafe0d5ae479131d739aba6f094775", size = 1086101, upload-time = "2026-07-13T13:57:55.575Z" },
    { url = "https://files.pythonhosted.org/packages/6e/41/732501f6a965284dc429c56d90f56328ad5c9ec57ccc6404b6bd5a07605a/python_calamine-0.8.2-cp314-cp314t-manylinux_2_17_s390x.manylinux2014_s390x.whl", hash = "sha256:5770e6fb816792ff329505d4a6a0eb3439b0b5e5c05f601268fb3bae26a52844", size = 985151, upload-time = "2026-07-13T13:57:57.357Z" },
    { url = "https://files.pythonhosted.org/packages/71/4a/90f3646da7c8546153229b9df2f97cd3dcb644d747bc28e0ae7773e6f3fa/python_calamine-0.8.2-cp314-cp314t-manylinux_2_17_x86_64.manylinux2014_x86_64.whl", hash = "sha256:7351f2e8833ff6d6e2e6bf7bf1327a69527513f5e8cfb8d51f13ea32d2bcfb16", size = 921694, upload-time = "2026-07-13T13:57:59.071Z" },
    { url = "https://files.pythonhosted.org/packages/d4/7b/96aedc02df1cb762578b44af05413d51cae9b041319c0c200ddfc4aa36c3/python_calamine-0.8.2-cp314-cp314t-manylinux_2_5_i686.manylinux1_i686.whl", hash = "sha256:1804917c652b674e9456419f4c80add237b2edc94e192e9b6b7ccd7b2a7c4105", size = 996333, upload-time = "2026-07-13T13:58:00.856Z" },
    { url = "https://files.pythonhosted.org/packages/c5/9a/b152b3d25f778cf5b90b60df9fec57ddb2f3d5c2c16ed08e751421a64d30/python_calamine-0.8.2-cp314-cp314t-musllinux_1_1_aarch64.whl", hash = "sha256:4ae30729fa4032f7a5d3fdca6968f4b5774967ea67bb62d7e5d198350419adc4", size = 1096283, upload-time = "2026-07-13T13:58:02.669Z" },
    { url = "https://files.pythonhosted.org/packages/e7/25/9c8c877f1632e70681437471a63e4d0ec150f72219665e1bcc0d2ba9d14b/python_calamine-0.8.2-cp314-cp314t-musllinux_1_1_armv7l.whl", hash = "sha256:67dad173dce245859eeb8335e8808835b53245bab75bf5a5b9f20435357c5156", size = 1191124, upload-time = "2026-07-13T13:58:04.747Z" },
    { url = "https://files.pythonhosted.org/packages/32/36/035b56decd6c0855203a21235c501c9d1c0965a0cd80f5299a561f05228b/python_calamine-0.8.2-cp314-cp314t-musllinux_1_1_x86_64.whl", hash = "sha256:3013f0872b6e4f52173d98fa0a6dbb83f1858440c1b858690893339e7d813c38", size = 1137036, upload-time = "2026-07-13T13:58:06.457Z" },
    { url = "https://files.pythonhosted.org/packages/7c/ff/8bda87f105165a4535615d07f923f8490c2daa2a0bc2489549e9b182fe56/python_calamine-0.8.2-cp314-cp314t-win_amd64.whl", hash = "sha256:288a8f4556ae8df3c813c61da2749eb627b1cfb97222118f5413bb8c7a0c7f02", size = 775005, upload-time = "2026-07-13T13:58:08.221Z" },
    { url = "https://files.pythonhosted.org/packages/bb/4c/f39b08d79e452bd3c7edb15285e096fc8b1fe67a76ad10c4622d4baacfb1/python_calamine-0.8.2-cp314-cp314t-win_arm64.whl", hash = "sha256:f57c2cfc7854fac87fb0c8e4fba5eb25184f75f7bf340847deac6726d2c3b601", size = 744119, upload-time = "2026-07-13T13:58:10.018Z" },
]

[[package]]
name = "python-dotenv"
version = "1.2.4"
source = { registry = "https://pypi.org/simple" }
sdist = { url = "https://files.pythonhosted.org/packages/74/26/2fbeedb218a787a5eea551c7532cac4e009f83d689dd2faa0d0353473f86/python_dotenv-1.2.4.tar.gz", hash = "sha256:f0d53e69935a851c0dcc78f3ab7aaccd8cabef0b92382b576b824212902873c0", size = 60824, upload-time = "2026-10-01T05:36:10Z" }
wheels = [
    { url = "https://files.pythonhosted.org/packages/60/d1/38f3a3405989a89ac18390803e70c6ad7c7760da4f9b83cbeca0c44a0c72/python_dotenv-1.2.4-py3-none-any.whl", hash = "sha256:42269a8a5b3fd54ffa6f3d84b18abed50064717576b4ecf03dc4a55d8aa04fdc", size = 23266, upload-time = "2026-10-01T05:36:08.633Z" },
]

[[package]]
name = "ruff"
version = "0.16.10"
source = { registry = "https://pypi.org/simple" }
sdist = { url = "https://files.pythonhosted.org/packages/c4/49/23802c45f093eb14bde54b141d2b2f058edfa63a06db7beed047308cc08f/ruff-0.16.10.tar.gz", hash = "sha256:eff4728c4eaae93f0955cd264d24b2ab348e74bf59986ccf282ba6dc16b3b017", size = 4958724, upload-time = "2026-10-01T18:03:21.697Z" }
wheels = [
    { url = "https://files.pythonhosted.org/packages/2f/21/ebce22e1d90cdb2cd691026b9c6e9bec6499f0b396089481755b5d49efff/ruff-0.16.10-py3-none-linux_armv6l.whl", hash = "sha256:488b0fe3f3574210e5cf80d9f59b9e3ab17a127a8155de3f307b392589cfb511", size = 10095557, upload-time = "2026-10-01T18:02:36.072Z" },
    { url = "https://files.pythonhosted.org/packages/cb/98/a54de85876a8b2612bfa0d84c7b9abfb39c6a3354aee7800b09c1649b9e3/ruff-0.16.10-py3-none-macosx_10_12_x86_64.whl", hash = "sha256:e748ff95c934c4e978783b8e687bc174e7bd84e8ad24e3243e1ecfcda5e0282d", size = 10340577, upload-time = "2026-10-01T18:02:39.258Z" },
    { url = "https://files.pythonhosted.org/packages/9f/16/1a5a4a2657effe4806110f2b907313802f1367fcdbb29e8122766e407fab/ruff-0.16.10-py3-none-macosx_11_0_arm64.whl", hash = "sha256:3031a4a2e8e7b8a46f70be45f198c35a11ece509a94b80334d8d397a33c67550", size = 9774282, upload-time = "2026-10-01T18:02:41.79Z" },
    { url = "https://files.pythonhosted.org/packages/6e/fb/470085af734da396e68cd80fb0a3e7c109a459716ae59588c0f6fab8a17d/ruff-0.16.10-py3-none-manylinux_2_17_aarch64.manylinux2014_aarch64.whl", hash = "sha256:494401c86df4c4c25f69b9419605d944467ee98c42fb6ad405ef4fa40b8fb67d", size = 9920895, upload-time = "2026-10-01T18:02:44.458Z" },
    { url = "https://files.pythonhosted.org/packages/57/de/f10cffe4f88a37ea6615ec460f01bf76f0bc1477737a35d9ee61a630a78b/ruff-0.16.10-py3-none-manylinux_2_17_armv7l.manylinux2014_armv7l.whl", hash = "sha256:d203abc0ff2b773ee33d00ab8df0bb67046fbc7c07b119332f08b9b345cf8221", size = 9902707, upload-time = "2026-10-01T18:02:47.041Z" },
    { url = "https://files.pythonhosted.org/packages/ff/44/3fdcedf83ae60ef837dd239170e480dce606a9142cfa2db911afdf855fd9/ruff-0.16.10-py3-none-manylinux_2_17_i686.manylinux2014_i686.whl", hash = "sha256:bd83d1235a5258d318477bc5b576303974cbdef5df0c01a1bff14efcc23bd12a", size = 10619287, upload-time = "2026-10-01T18:02:49.485Z" },
    { url = "https://files.pythonhosted.org/packages/c1/62/02e76a5574002153618eafbb70e159468addc72a5d2c488e65cbb4639d2d/ruff-0.16.10-py3-none-manylinux_2_17_ppc64le.manylinux2014_ppc64le.whl", hash = "sha256:bc2610fb269fa56dd8a68669ae470fa6272902668c0fc2ebc3aa112b2633d5b8", size = 11339942, upload-time = "2026-10-01T18:02:52.008Z" },
    { url = "https://files.pythonhosted.org/packages/6b/c4/cde27d47ad8d4126c587e608c67c46e7feac11763f606d261a1bc8a489e6/ruff-0.16.10-py3-none-manylinux_2_17_s390x.manylinux2014_s390x.whl", hash = "sha256:3e70175e29cc94c26ea296c80e470180b744b7419026898e58f520c6ab32578e", size = 10934316, upload-time = "2026-10-01T18:02:54.811Z" },
    { url = "https://files.pythonhosted.org/packages/e4/03/17234145f302a645a123e8c3bb2411ecf4669fbc350de3b0d803230a1729/ruff-0.16.10-py3-none-manylinux_2_17_x86_64.manylinux2014_x86_64.whl", hash = "sha256:f33f43a864a8483eebd160e713336c8bab02c934feaff0a33cf5ccb41546d09a", size = 10387968, upload-time = "2026-10-01T18:02:57.497Z" },
    { url = "https://files.pythonhosted.org/packages/71/29/2493af60240ee7644b38a4b821f5f9c3b5a4fa3178770fe1d0c685217395/ruff-0.16.10-py3-none-manylinux_2_31_riscv64.whl", hash = "sha256:1dfc6f0088149fb6a362c1c446bcbb3fd2157b3852fe2fa68409276eab9ad9b3", size = 10537906, upload-time = "2026-10-01T18:03:00.006Z" },
    { url = "https://files.pythonhosted.org/packages/2e/9a/f56b28f3b143bb9e518c34fb89ab191b626bca8b70dbf8af0d2e2d473572/ruff-0.16.10-py3-none-musllinux_1_2_aarch64.whl", hash = "sha256:6553498afc35f580f036030795810b9e6bcea31604b0fd9e8d352795473042e3", size = 10012938, upload-time = "2026-10-01T18:03:03.006Z" },
    { url = "https://files.pythonhosted.org/packages/c2/c4/fca37362848ea4d4d80712df13632e645e7c7cfb1bdedf140699ac7a090b/ruff-0.16.10-py3-none-musllinux_1_2_armv7l.whl", hash = "sha256:a3b8471dea115d37f123882be852bed13403746d3a76c11de4a19ec5f9ff5a03", size = 9897945, upload-time = "2026-10-01T18:03:05.818Z" },
    { url = "https://files.pythonhosted.org/packages/7d/c7/e0bc57664d6e0c61fd22f620af260fe9662d7e1ddb320ea7f160e76ef165/ruff-0.16.10-py3-none-musllinux_1_2_i686.whl", hash = "sha256:92e59a70bcbd9d3a5483656da906ec28edfdacfce00afd99edb8b4e9d15644be", size = 10333134, upload-time = "2026-10-01T18:03:08.25Z" },
    { url = "https://files.pythonhosted.org/packages/21/aa/5c9f3b68737c0e4a33a1db5dfab44f7b786d96ca91a7233112ddab1e6dc2/ruff-0.16.10-py3-none-musllinux_1_2_x86_64.whl", hash = "sha256:7ae7375f803b5520dc9f546bed7e3a0acb70b91812e9bb4b19927de22f25b77d", size = 10741702, upload-time = "2026-10-01T18:03:10.775Z" },
    { url = "https://files.pythonhosted.org/packages/78/fa/0f9c2020dc316c53d983be011720b8157cc052b97e3f4dfa7db6d0f880a6/ruff-0.16.10-py3-none-win32.whl", hash = "sha256:2a12e01cb9156c10c466f63b46eaae5ecea28dfbd21b5836353ae498e7d1349a", size = 10139176, upload-time = "2026-10-01T18:03:13.267Z" },
    { url = "https://files.pythonhosted.org/packages/99/29/cfb0df9448d4d4ad48c2de029ada9ebd71baa6da983a6c77ee6c6cd0fe82/ruff-0.16.10-py3-none-win_amd64.whl", hash = "sha256:97f2015c92aa97105b0eab19eb5d224884399281cfc5da86a92db4ab5e7fb2ca", size = 10584734, upload-time = "2026-10-01T18:03:16.006Z" },
    { url = "https://files.pythonhosted.org/packages/fc/05/c16957eb287c3fc062e032619a25868d93d408a844b725bcf514f7a378ff/ruff-0.16.10-py3-none-win_arm64.whl", hash = "sha256:25a65fe998c4e6861ec079ada5826a2fc605e6cbccbe9dcd7fac1f54e791621b", size = 10366440, upload-time = "2026-10-01T18:03:19.04Z" },
]

[[package]]
name = "student-data-extractor"
version = "0.1.0"
source = { virtual = "." }
dependencies = [
    { name = "polars" },
    { name = "python-calamine" },
]

[package.dev-dependencies]
dev = [
    { name = "python-dotenv" },
    { name = "ruff" },
]

[package.metadata]
requires-dist = [
    { name = "polars", specifier = ">=1.44.2" },
    { name = "python-calamine", specifier = ">=0.8.2" },
]

[package.metadata.requires-dev]
dev = [
    { name = "python-dotenv", specifier = ">=1.2.4" },
    { name = "ruff", specifier = ">=0.16.10" },
]
